
Microsoft Visual Studio Solution File, Format Version 12.00
# Visual Studio 15
VisualStudioVersion = 15.0.28307.539
MinimumVisualStudioVersion = 10.0.40219.1
Project("{FAE04EC0-301F-11D3-BF4B-00C04F79EFBC}") = "kwTalkClient", "kwTalkClient\kwTalkClient.csproj", "{B0602A62-3214-4639-A2D6-6E9B934889A5}"
EndProject
Project("{FAE04EC0-301F-11D3-BF4B-00C04F79EFBC}") = "kwTalkServer", "kwTalkServer\kwTalkServer.csproj", "{385FA53E-A576-4A4D-9BB0-0BF820997690}"
EndProject
Project("{FAE04EC0-301F-11D3-BF4B-00C04F79EFBC}") = "Packet", "Packet\Packet.csproj", "{C4192BFE-71BB-4B5B-A1ED-6407D01E24B0}"
EndProject
Global
	GlobalSection(SolutionConfigurationPlatforms) = preSolution
		Debug|Any CPU = Debug|Any CPU
		Release|Any CPU = Release|Any CPU
	EndGlobalSection
	GlobalSection(ProjectConfigurationPlatforms) = postSolution
		{B0602A62-3214-4639-A2D6-6E9B934889A5}.Debug|Any CPU.ActiveCfg = Debug|Any CPU
		{B0602A62-3214-4639-A2D6-6E9B934889A5}.Debug|Any CPU.Build.0 = Debug|Any CPU
		{B0602A62-3214-4639-A2D6-6E9B934889A5}.Release|Any CPU.ActiveCfg = Release|Any CPU
		{B0602A62-3214-4639-A2D6-6E9B934889A5}.Release|Any CPU.Build.0 = Release|Any CPU
		{385FA53E-A576-4A4D-9BB0-0BF820997690}.Debug|Any CPU.ActiveCfg = Debug|Any CPU
		{385FA53E-A576-4A4D-9BB0-0BF820997690}.Debug|Any CPU.Build.0 = Debug|Any CPU
		{385FA53E-A576-4A4D-9BB0-0BF820997690}.Release|Any CPU.ActiveCfg = Release|Any CPU
		{385FA53E-A576-4A4D-9BB0-0BF820997690}.Release|Any CPU.Build.0 = Release|Any CPU
		{C4192BFE-71BB-4B5B-A1ED-6407D01E24B0}.Debug|Any CPU.ActiveCfg = Debug|Any CPU
		{C4192BFE-71BB-4B5B-A1ED-6407D01E24B0}.Debug|Any CPU.Build.0 = Debug|Any CPU
		{C4192BFE-71BB-4B5B-A1ED-6407D01E24B0}.Release|Any CPU.ActiveCfg = Release|Any CPU
		{C4192BFE-71BB-4B5B-A1ED-6407D01E24B0}.Release|Any CPU.Build.0 = Release|Any CPU
	EndGlobalSection
	GlobalSection(SolutionProperties) = preSolution
		HideSolutionNode = FALSE
	EndGlobalSection
	GlobalSection(ExtensibilityGlobals) = postSolution
		SolutionGuid = {92C0CBE4-4C7D-4F92-9990-93F3F1F83B3C}
	EndGlobalSection
EndGlobal
